// !$*UTF8*$!
{
	archiveVersion = 1;
	classes = {
	};
	objectVersion = 55;
	objects = {

/* Begin PBXBuildFile section */
		0EBCC0CEEDC57514B6A44787 /* Pods_TipsterTests.framework in Frameworks */ = {isa = PBXBuildFile; fileRef = 77A43C5CD4AF837CC3F68D2B /* Pods_TipsterTests.framework */; };
		604BCAEA01DB96CB34DB65D6 /* Pods_Tipster_TipsterUITests.framework in Frameworks */ = {isa = PBXBuildFile; fileRef = A3CDDD74D02445243DB18B08 /* Pods_Tipster_TipsterUITests.framework */; };
		6D226AB528CD496900A9D837 /* AppDelegate.swift in Sources */ = {isa = PBXBuildFile; fileRef = 6D226AB428CD496900A9D837 /* AppDelegate.swift */; };
		6D226AB728CD496900A9D837 /* SceneDelegate.swift in Sources */ = {isa = PBXBuildFile; fileRef = 6D226AB628CD496900A9D837 /* SceneDelegate.swift */; };
		6D226AB928CD496900A9D837 /* ViewController.swift in Sources */ = {isa = PBXBuildFile; fileRef = 6D226AB828CD496900A9D837 /* ViewController.swift */; };
		6D226ABC28CD496900A9D837 /* Main.storyboard in Resources */ = {isa = PBXBuildFile; fileRef = 6D226ABA28CD496900A9D837 /* Main.storyboard */; };
		6D226ABE28CD496D00A9D837 /* Assets.xcassets in Resources */ = {isa = PBXBuildFile; fileRef = 6D226ABD28CD496D00A9D837 /* Assets.xcassets */; };
		6D226AC128CD496D00A9D837 /* LaunchScreen.storyboard in Resources */ = {isa = PBXBuildFile; fileRef = 6D226ABF28CD496D00A9D837 /* LaunchScreen.storyboard */; };
		6D226ACC28CD496D00A9D837 /* TipsterTests.swift in Sources */ = {isa = PBXBuildFile; fileRef = 6D226ACB28CD496D00A9D837 /* TipsterTests.swift */; };
		6D226AD628CD496D00A9D837 /* TipsterUITests.swift in Sources */ = {isa = PBXBuildFile; fileRef = 6D226AD528CD496D00A9D837 /* TipsterUITests.swift */; };
		6D226AD828CD496D00A9D837 /* TipsterUITestsLaunchTests.swift in Sources */ = {isa = PBXBuildFile; fileRef = 6D226AD728CD496D00A9D837 /* TipsterUITestsLaunchTests.swift */; };
		6D79FFB028CE68E400044691 /* MovieCell.swift in Sources */ = {isa = PBXBuildFile; fileRef = 6D79FFAF28CE68E400044691 /* MovieCell.swift */; };
		6D79FFB328CE728600044691 /* AlamofireImage in Frameworks */ = {isa = PBXBuildFile; productRef = 6D79FFB228CE728600044691 /* AlamofireImage */; };
		BC01F53FAEAA142260D56BF6 /* Pods_Tipster.framework in Frameworks */ = {isa = PBXBuildFile; fileRef = 8F22B13B351B4C740BCC26C4 /* Pods_Tipster.framework */; };
/* End PBXBuildFile section */

/* Begin PBXContainerItemProxy section */
		6D226AC828CD496D00A9D837 /* PBXContainerItemProxy */ = {
			isa = PBXContainerItemProxy;
			containerPortal = 6D226AA928CD496900A9D837 /* Project object */;
			proxyType = 1;
			remoteGlobalIDString = 6D226AB028CD496900A9D837;
			remoteInfo = Tipster;
		};
		6D226AD228CD496D00A9D837 /* PBXContainerItemProxy */ = {
			isa = PBXContainerItemProxy;
			containerPortal = 6D226AA928CD496900A9D837 /* Project object */;
			proxyType = 1;
			remoteGlobalIDString = 6D226AB028CD496900A9D837;
			remoteInfo = Tipster;
		};
/* End PBXContainerItemProxy section */

/* Begin PBXFileReference section */
		4C58117CFD32AB443462E276 /* Pods-Tipster-TipsterUITests.debug.xcconfig */ = {isa = PBXFileReference; includeInIndex = 1; lastKnownFileType = text.xcconfig; name = "Pods-Tipster-TipsterUITests.debug.xcconfig"; path = "Target Support Files/Pods-Tipster-TipsterUITests/Pods-Tipster-TipsterUITests.debug.xcconfig"; sourceTree = "<group>"; };
		68BC1387B718AA98A08E75E0 /* Pods-Tipster.release.xcconfig */ = {isa = PBXFileReference; includeInIndex = 1; lastKnownFileType = text.xcconfig; name = "Pods-Tipster.release.xcconfig"; path = "Target Support Files/Pods-Tipster/Pods-Tipster.release.xcconfig"; sourceTree = "<group>"; };
		6D226AB128CD496900A9D837 /* Tipster.app */ = {isa = PBXFileReference; explicitFileType = wrapper.application; includeInIndex = 0; path = Tipster.app; sourceTree = BUILT_PRODUCTS_DIR; };
		6D226AB428CD496900A9D837 /* AppDelegate.swift */ = {isa = PBXFileReference; lastKnownFileType = sourcecode.swift; path = AppDelegate.swift; sourceTree = "<group>"; };
		6D226AB628CD496900A9D837 /* SceneDelegate.swift */ = {isa = PBXFileReference; lastKnownFileType = sourcecode.swift; path = SceneDelegate.swift; sourceTree = "<group>"; };
		6D226AB828CD496900A9D837 /* ViewController.swift */ = {isa = PBXFileReference; lastKnownFileType = sourcecode.swift; path = ViewController.swift; sourceTree = "<group>"; };
		6D226ABB28CD496900A9D837 /* Base */ = {isa = PBXFileReference; lastKnownFileType = file.storyboard; name = Base; path = Base.lproj/Main.storyboard; sourceTree = "<group>"; };
		6D226ABD28CD496D00A9D837 /* Assets.xcassets */ = {isa = PBXFileReference; lastKnownFileType = folder.assetcatalog; path = Assets.xcassets; sourceTree = "<group>"; };
		6D226AC028CD496D00A9D837 /* Base */ = {isa = PBXFileReference; lastKnownFileType = file.storyboard; name = Base; path = Base.lproj/LaunchScreen.storyboard; sourceTree = "<group>"; };
		6D226AC228CD496D00A9D837 /* Info.plist */ = {isa = PBXFileReference; lastKnownFileType = text.plist.xml; path = Info.plist; sourceTree = "<group>"; };
		6D226AC728CD496D00A9D837 /* TipsterTests.xctest */ = {isa = PBXFileReference; explicitFileType = wrapper.cfbundle; includeInIndex = 0; path = TipsterTests.xctest; sourceTree = BUILT_PRODUCTS_DIR; };
		6D226ACB28CD496D00A9D837 /* TipsterTests.swift */ = {isa = PBXFileReference; lastKnownFileType = sourcecode.swift; path = TipsterTests.swift; sourceTree = "<group>"; };
		6D226AD128CD496D00A9D837 /* TipsterUITests.xctest */ = {isa = PBXFileReference; explicitFileType = wrapper.cfbundle; includeInIndex = 0; path = TipsterUITests.xctest; sourceTree = BUILT_PRODUCTS_DIR; };
		6D226AD528CD496D00A9D837 /* TipsterUITests.swift */ = {isa = PBXFileReference; lastKnownFileType = sourcecode.swift; path = TipsterUITests.swift; sourceTree = "<group>"; };
		6D226AD728CD496D00A9D837 /* TipsterUITestsLaunchTests.swift */ = {isa = PBXFileReference; lastKnownFileType = sourcecode.swift; path = TipsterUITestsLaunchTests.swift; sourceTree = "<group>"; };
		6D79FFAF28CE68E400044691 /* MovieCell.swift */ = {isa = PBXFileReference; lastKnownFileType = sourcecode.swift; path = MovieCell.swift; sourceTree = "<group>"; };
		71A285388649C712C04229BE /* Pods-Tipster-TipsterUITests.release.xcconfig */ = {isa = PBXFileReference; includeInIndex = 1; lastKnownFileType = text.xcconfig; name = "Pods-Tipster-TipsterUITests.release.xcconfig"; path = "Target Support Files/Pods-Tipster-TipsterUITests/Pods-Tipster-TipsterUITests.release.xcconfig"; sourceTree = "<group>"; };
		77A43C5CD4AF837CC3F68D2B /* Pods_TipsterTests.framework */ = {isa = PBXFileReference; explicitFileType = wrapper.framework; includeInIndex = 0; path = Pods_TipsterTests.framework; sourceTree = BUILT_PRODUCTS_DIR; };
		8F22B13B351B4C740BCC26C4 /* Pods_Tipster.framework */ = {isa = PBXFileReference; explicitFileType = wrapper.framework; includeInIndex = 0; path = Pods_Tipster.framework; sourceTree = BUILT_PRODUCTS_DIR; };
		A3CDDD74D02445243DB18B08 /* Pods_Tipster_TipsterUITests.framework */ = {isa = PBXFileReference; explicitFileType = wrapper.framework; includeInIndex = 0; path = Pods_Tipster_TipsterUITests.framework; sourceTree = BUILT_PRODUCTS_DIR; };
		BEF1303DC6468B8D6FC7415D /* Pods-Tipster.debug.xcconfig */ = {isa = PBXFileReference; includeInIndex = 1; lastKnownFileType = text.xcconfig; name = "Pods-Tipster.debug.xcconfig"; path = "Target Support Files/Pods-Tipster/Pods-Tipster.debug.xcconfig"; sourceTree = "<group>"; };
		D704143275DDB4FAF03CE965 /* Pods-TipsterTests.release.xcconfig */ = {isa = PBXFileReference; includeInIndex = 1; lastKnownFileType = text.xcconfig; name = "Pods-TipsterTests.release.xcconfig"; path = "Target Support Files/Pods-TipsterTests/Pods-TipsterTests.release.xcconfig"; sourceTree = "<group>"; };
		F51B446D43A5F8DBD15DFE18 /* Pods-TipsterTests.debug.xcconfig */ = {isa = PBXFileReference; includeInIndex = 1; lastKnownFileType = text.xcconfig; name = "Pods-TipsterTests.debug.xcconfig"; path = "Target Support Files/Pods-TipsterTests/Pods-TipsterTests.debug.xcconfig"; sourceTree = "<group>"; };
/* End PBXFileReference section */

/* Begin PBXFrameworksBuildPhase section */
		6D226AAE28CD496900A9D837 /* Frameworks */ = {
			isa = PBXFrameworksBuildPhase;
			buildActionMask = 2147483647;
			files = (
				6D79FFB328CE728600044691 /* AlamofireImage in Frameworks */,
				BC01F53FAEAA142260D56BF6 /* Pods_Tipster.framework in Frameworks */,
			);
			runOnlyForDeploymentPostprocessing = 0;
		};
		6D226AC428CD496D00A9D837 /* Frameworks */ = {
			isa = PBXFrameworksBuildPhase;
			buildActionMask = 2147483647;
			files = (
				0EBCC0CEEDC57514B6A44787 /* Pods_TipsterTests.framework in Frameworks */,
			);
			runOnlyForDeploymentPostprocessing = 0;
		};
		6D226ACE28CD496D00A9D837 /* Frameworks */ = {
			isa = PBXFrameworksBuildPhase;
			buildActionMask = 2147483647;
			files = (
				604BCAEA01DB96CB34DB65D6 /* Pods_Tipster_TipsterUITests.framework in Frameworks */,
			);
			runOnlyForDeploymentPostprocessing = 0;
		};
/* End PBXFrameworksBuildPhase section */

/* Begin PBXGroup section */
		6D226AA828CD496900A9D837 = {
			isa = PBXGroup;
			children = (
				6D226AB328CD496900A9D837 /* Tipster */,
				6D226ACA28CD496D00A9D837 /* TipsterTests */,
				6D226AD428CD496D00A9D837 /* TipsterUITests */,
				6D226AB228CD496900A9D837 /* Products */,
				B9D5D53FB7216AFD30C8DA9E /* Pods */,
				7CF6C51895C5ADA7F1E8A186 /* Frameworks */,
			);
			sourceTree = "<group>";
		};
		6D226AB228CD496900A9D837 /* Products */ = {
			isa = PBXGroup;
			children = (
				6D226AB128CD496900A9D837 /* Tipster.app */,
				6D226AC728CD496D00A9D837 /* TipsterTests.xctest */,
				6D226AD128CD496D00A9D837 /* TipsterUITests.xctest */,
			);
			name = Products;
			sourceTree = "<group>";
		};
		6D226AB328CD496900A9D837 /* Tipster */ = {
			isa = PBXGroup;
			children = (
				6D226AB428CD496900A9D837 /* AppDelegate.swift */,
				6D226AB628CD496900A9D837 /* SceneDelegate.swift */,
				6D226AB828CD496900A9D837 /* ViewController.swift */,
				6D226ABA28CD496900A9D837 /* Main.storyboard */,
				6D79FFAF28CE68E400044691 /* MovieCell.swift */,
				6D226ABD28CD496D00A9D837 /* Assets.xcassets */,
				6D226ABF28CD496D00A9D837 /* LaunchScreen.storyboard */,
				6D226AC228CD496D00A9D837 /* Info.plist */,
			);
			path = Tipster;
			sourceTree = "<group>";
		};
		6D226ACA28CD496D00A9D837 /* TipsterTests */ = {
			isa = PBXGroup;
			children = (
				6D226ACB28CD496D00A9D837 /* TipsterTests.swift */,
			);
			path = TipsterTests;
			sourceTree = "<group>";
		};
		6D226AD428CD496D00A9D837 /* TipsterUITests */ = {
			isa = PBXGroup;
			children = (
				6D226AD528CD496D00A9D837 /* TipsterUITests.swift */,
				6D226AD728CD496D00A9D837 /* TipsterUITestsLaunchTests.swift */,
			);
			path = TipsterUITests;
			sourceTree = "<group>";
		};
		7CF6C51895C5ADA7F1E8A186 /* Frameworks */ = {
			isa = PBXGroup;
			children = (
				8F22B13B351B4C740BCC26C4 /* Pods_Tipster.framework */,
				A3CDDD74D02445243DB18B08 /* Pods_Tipster_TipsterUITests.framework */,
				77A43C5CD4AF837CC3F68D2B /* Pods_TipsterTests.framework */,
			);
			name = Frameworks;
			sourceTree = "<group>";
		};
		B9D5D53FB7216AFD30C8DA9E /* Pods */ = {
			isa = PBXGroup;
			children = (
				BEF1303DC6468B8D6FC7415D /* Pods-Tipster.debug.xcconfig */,
				68BC1387B718AA98A08E75E0 /* Pods-Tipster.release.xcconfig */,
				4C58117CFD32AB443462E276 /* Pods-Tipster-TipsterUITests.debug.xcconfig */,
				71A285388649C712C04229BE /* Pods-Tipster-TipsterUITests.release.xcconfig */,
				F51B446D43A5F8DBD15DFE18 /* Pods-TipsterTests.debug.xcconfig */,
				D704143275DDB4FAF03CE965 /* Pods-TipsterTests.release.xcconfig */,
			);
			name = Pods;
			path = Pods;
			sourceTree = "<group>";
		};
/* End PBXGroup section */

/* Begin PBXNativeTarget section */
		6D226AB028CD496900A9D837 /* Tipster */ = {
			isa = PBXNativeTarget;
			buildConfigurationList = 6D226ADB28CD496D00A9D837 /* Build configuration list for PBXNativeTarget "Tipster" */;
			buildPhases = (
				B732B3A77F006498CADD1FD2 /* [CP] Check Pods Manifest.lock */,
				6D226AAD28CD496900A9D837 /* Sources */,
				6D226AAE28CD496900A9D837 /* Frameworks */,
				6D226AAF28CD496900A9D837 /* Resources */,
				198682B05BE56E43BD48CD7A /* [CP] Embed Pods Frameworks */,
			);
			buildRules = (
			);
			dependencies = (
			);
			name = Tipster;
			packageProductDependencies = (
				6D79FFB228CE728600044691 /* AlamofireImage */,
			);
			productName = Tipster;
			productReference = 6D226AB128CD496900A9D837 /* Tipster.app */;
			productType = "com.apple.product-type.application";
		};
		6D226AC628CD496D00A9D837 /* TipsterTests */ = {
			isa = PBXNativeTarget;
			buildConfigurationList = 6D226ADE28CD496D00A9D837 /* Build configuration list for PBXNativeTarget "TipsterTests" */;
			buildPhases = (
				581FB27FA71017F9DA5610C9 /* [CP] Check Pods Manifest.lock */,
				6D226AC328CD496D00A9D837 /* Sources */,
				6D226AC428CD496D00A9D837 /* Frameworks */,
				6D226AC528CD496D00A9D837 /* Resources */,
			);
			buildRules = (
			);
			dependencies = (
				6D226AC928CD496D00A9D837 /* PBXTargetDependency */,
			);
			name = TipsterTests;
			productName = TipsterTests;
			productReference = 6D226AC728CD496D00A9D837 /* TipsterTests.xctest */;
			productType = "com.apple.product-type.bundle.unit-test";
		};
		6D226AD028CD496D00A9D837 /* TipsterUITests */ = {
			isa = PBXNativeTarget;
			buildConfigurationList = 6D226AE128CD496D00A9D837 /* Build configuration list for PBXNativeTarget "TipsterUITests" */;
			buildPhases = (
				389DD687FFCDCC61A4468B7F /* [CP] Check Pods Manifest.lock */,
				6D226ACD28CD496D00A9D837 /* Sources */,
				6D226ACE28CD496D00A9D837 /* Frameworks */,
				6D226ACF28CD496D00A9D837 /* Resources */,
				DF9427530C1019BCDEF83ADA /* [CP] Embed Pods Frameworks */,
			);
			buildRules = (
			);
			dependencies = (
				6D226AD328CD496D00A9D837 /* PBXTargetDependency */,
			);
			name = TipsterUITests;
			productName = TipsterUITests;
			productReference = 6D226AD128CD496D00A9D837 /* TipsterUITests.xctest */;
			productType = "com.apple.product-type.bundle.ui-testing";
		};
/* End PBXNativeTarget section */

/* Begin PBXProject section */
		6D226AA928CD496900A9D837 /* Project object */ = {
			isa = PBXProject;
			attributes = {
				BuildIndependentTargetsInParallel = 1;
				LastSwiftUpdateCheck = 1340;
				LastUpgradeCheck = 1340;
				TargetAttributes = {
					6D226AB028CD496900A9D837 = {
						CreatedOnToolsVersion = 13.4.1;
					};
					6D226AC628CD496D00A9D837 = {
						CreatedOnToolsVersion = 13.4.1;
						TestTargetID = 6D226AB028CD496900A9D837;
					};
					6D226AD028CD496D00A9D837 = {
						CreatedOnToolsVersion = 13.4.1;
						TestTargetID = 6D226AB028CD496900A9D837;
					};
				};
			};
			buildConfigurationList = 6D226AAC28CD496900A9D837 /* Build configuration list for PBXProject "Tipster" */;
			compatibilityVersion = "Xcode 13.0";
			developmentRegion = en;
			hasScannedForEncodings = 0;
			knownRegions = (
				en,
				Base,
			);
			mainGroup = 6D226AA828CD496900A9D837;
			packageReferences = (
				6D79FFB128CE728600044691 /* XCRemoteSwiftPackageReference "AlamofireImage" */,
			);
			productRefGroup = 6D226AB228CD496900A9D837 /* Products */;
			projectDirPath = "";
			projectRoot = "";
			targets = (
				6D226AB028CD496900A9D837 /* Tipster */,
				6D226AC628CD496D00A9D837 /* TipsterTests */,
				6D226AD028CD496D00A9D837 /* TipsterUITests */,
			);
		};
/* End PBXProject section */

/* Begin PBXResourcesBuildPhase section */
		6D226AAF28CD496900A9D837 /* Resources */ = {
			isa = PBXResourcesBuildPhase;
			buildActionMask = 2147483647;
			files = (
				6D226AC128CD496D00A9D837 /* LaunchScreen.storyboard in Resources */,
				6D226ABE28CD496D00A9D837 /* Assets.xcassets in Resources */,
				6D226ABC28CD496900A9D837 /* Main.storyboard in Resources */,
			);
			runOnlyForDeploymentPostprocessing = 0;
		};
		6D226AC528CD496D00A9D837 /* Resources */ = {
			isa = PBXResourcesBuildPhase;
			buildActionMask = 2147483647;
			files = (
			);
			runOnlyForDeploymentPostprocessing = 0;
		};
		6D226ACF28CD496D00A9D837 /* Resources */ = {
			isa = PBXResourcesBuildPhase;
			buildActionMask = 2147483647;
			files = (
			);
			runOnlyForDeploymentPostprocessing = 0;
		};
/* End PBXResourcesBuildPhase section */

/* Begin PBXShellScriptBuildPhase section */
		198682B05BE56E43BD48CD7A /* [CP] Embed Pods Frameworks */ = {
			isa = PBXShellScriptBuildPhase;
			buildActionMask = 2147483647;
			files = (
			);
			inputFileListPaths = (
				"${PODS_ROOT}/Target Support Files/Pods-Tipster/Pods-Tipster-frameworks-${CONFIGURATION}-input-files.xcfilelist",
			);
			name = "[CP] Embed Pods Frameworks";
			outputFileListPaths = (
				"${PODS_ROOT}/Target Support Files/Pods-Tipster/Pods-Tipster-frameworks-${CONFIGURATION}-output-files.xcfilelist",
			);
			runOnlyForDeploymentPostprocessing = 0;
			shellPath = /bin/sh;
			shellScript = "\"${PODS_ROOT}/Target Support Files/Pods-Tipster/Pods-Tipster-frameworks.sh\"\n";
			showEnvVarsInLog = 0;
		};
		389DD687FFCDCC61A4468B7F /* [CP] Check Pods Manifest.lock */ = {
			isa = PBXShellScriptBuildPhase;
			buildActionMask = 2147483647;
			files = (
			);
			inputFileListPaths = (
			);
			inputPaths = (
				"${PODS_PODFILE_DIR_PATH}/Podfile.lock",
				"${PODS_ROOT}/Manifest.lock",
			);
			name = "[CP] Check Pods Manifest.lock";
			outputFileListPaths = (
			);
			outputPaths = (
				"$(DERIVED_FILE_DIR)/Pods-Tipster-TipsterUITests-checkManifestLockResult.txt",
			);
			runOnlyForDeploymentPostprocessing = 0;
			shellPath = /bin/sh;
			shellScript = "diff \"${PODS_PODFILE_DIR_PATH}/Podfile.lock\" \"${PODS_ROOT}/Manifest.lock\" > /dev/null\nif [ $? != 0 ] ; then\n    # print error to STDERR\n    echo \"error: The sandbox is not in sync with the Podfile.lock. Run 'pod install' or update your CocoaPods installation.\" >&2\n    exit 1\nfi\n# This output is used by Xcode 'outputs' to avoid re-running this script phase.\necho \"SUCCESS\" > \"${SCRIPT_OUTPUT_FILE_0}\"\n";
			showEnvVarsInLog = 0;
		};
		581FB27FA71017F9DA5610C9 /* [CP] Check Pods Manifest.lock */ = {
			isa = PBXShellScriptBuildPhase;
			buildActionMask = 2147483647;
			files = (
			);
			inputFileListPaths = (
			);
			inputPaths = (
				"${PODS_PODFILE_DIR_PATH}/Podfile.lock",
				"${PODS_ROOT}/Manifest.lock",
			);
			name = "[CP] Check Pods Manifest.lock";
			outputFileListPaths = (
			);
			outputPaths = (
				"$(DERIVED_FILE_DIR)/Pods-TipsterTests-checkManifestLockResult.txt",
			);
			runOnlyForDeploymentPostprocessing = 0;
			shellPath = /bin/sh;
			shellScript = "diff \"${PODS_PODFILE_DIR_PATH}/Podfile.lock\" \"${PODS_ROOT}/Manifest.lock\" > /dev/null\nif [ $? != 0 ] ; then\n    # print error to STDERR\n    echo \"error: The sandbox is not in sync with the Podfile.lock. Run 'pod install' or update your CocoaPods installation.\" >&2\n    exit 1\nfi\n# This output is used by Xcode 'outputs' to avoid re-running this script phase.\necho \"SUCCESS\" > \"${SCRIPT_OUTPUT_FILE_0}\"\n";
			showEnvVarsInLog = 0;
		};
		B732B3A77F006498CADD1FD2 /* [CP] Check Pods Manifest.lock */ = {
			isa = PBXShellScriptBuildPhase;
			buildActionMask = 2147483647;
			files = (
			);
			inputFileListPaths = (
			);
			inputPaths = (
				"${PODS_PODFILE_DIR_PATH}/Podfile.lock",
				"${PODS_ROOT}/Manifest.lock",
			);
			name = "[CP] Check Pods Manifest.lock";
			outputFileListPaths = (
			);
			outputPaths = (
				"$(DERIVED_FILE_DIR)/Pods-Tipster-checkManifestLockResult.txt",
			);
			runOnlyForDeploymentPostprocessing = 0;
			shellPath = /bin/sh;
			shellScript = "diff \"${PODS_PODFILE_DIR_PATH}/Podfile.lock\" \"${PODS_ROOT}/Manifest.lock\" > /dev/null\nif [ $? != 0 ] ; then\n    # print error to STDERR\n    echo \"error: The sandbox is not in sync with the Podfile.lock. Run 'pod install' or update your CocoaPods installation.\" >&2\n    exit 1\nfi\n# This output is used by Xcode 'outputs' to avoid re-running this script phase.\necho \"SUCCESS\" > \"${SCRIPT_OUTPUT_FILE_0}\"\n";
			showEnvVarsInLog = 0;
		};
		DF9427530C1019BCDEF83ADA /* [CP] Embed Pods Frameworks */ = {
			isa = PBXShellScriptBuildPhase;
			buildActionMask = 2147483647;
			files = (
			);
			inputFileListPaths = (
				"${PODS_ROOT}/Target Support Files/Pods-Tipster-TipsterUITests/Pods-Tipster-TipsterUITests-frameworks-${CONFIGURATION}-input-files.xcfilelist",
			);
			name = "[CP] Embed Pods Frameworks";
			outputFileListPaths = (
				"${PODS_ROOT}/Target Support Files/Pods-Tipster-TipsterUITests/Pods-Tipster-TipsterUITests-frameworks-${CONFIGURATION}-output-files.xcfilelist",
			);
			runOnlyForDeploymentPostprocessing = 0;
			shellPath = /bin/sh;
			shellScript = "\"${PODS_ROOT}/Target Support Files/Pods-Tipster-TipsterUITests/Pods-Tipster-TipsterUITests-frameworks.sh\"\n";
			showEnvVarsInLog = 0;
		};
/* End PBXShellScriptBuildPhase section */

/* Begin PBXSourcesBuildPhase section */
		6D226AAD28CD496900A9D837 /* Sources */ = {
			isa = PBXSourcesBuildPhase;
			buildActionMask = 2147483647;
			files = (
				6D226AB928CD496900A9D837 /* ViewController.swift in Sources */,
				6D226AB528CD496900A9D837 /* AppDelegate.swift in Sources */,
				6D79FFB028CE68E400044691 /* MovieCell.swift in Sources */,
				6D226AB728CD496900A9D837 /* SceneDelegate.swift in Sources */,
			);
			runOnlyForDeploymentPostprocessing = 0;
		};
		6D226AC328CD496D00A9D837 /* Sources */ = {
			isa = PBXSourcesBuildPhase;
			buildActionMask = 2147483647;
			files = (
				6D226ACC28CD496D00A9D837 /* TipsterTests.swift in Sources */,
			);
			runOnlyForDeploymentPostprocessing = 0;
		};
		6D226ACD28CD496D00A9D837 /* Sources */ = {
			isa = PBXSourcesBuildPhase;
			buildActionMask = 2147483647;
			files = (
				6D226AD828CD496D00A9D837 /* TipsterUITestsLaunchTests.swift in Sources */,
				6D226AD628CD496D00A9D837 /* TipsterUITests.swift in Sources */,
			);
			runOnlyForDeploymentPostprocessing = 0;
		};
/* End PBXSourcesBuildPhase section */

/* Begin PBXTargetDependency section */
		6D226AC928CD496D00A9D837 /* PBXTargetDependency */ = {
			isa = PBXTargetDependency;
			target = 6D226AB028CD496900A9D837 /* Tipster */;
			targetProxy = 6D226AC828CD496D00A9D837 /* PBXContainerItemProxy */;
		};
		6D226AD328CD496D00A9D837 /* PBXTargetDependency */ = {
			isa = PBXTargetDependency;
			target = 6D226AB028CD496900A9D837 /* Tipster */;
			targetProxy = 6D226AD228CD496D00A9D837 /* PBXContainerItemProxy */;
		};
/* End PBXTargetDependency section */

/* Begin PBXVariantGroup section */
		6D226ABA28CD496900A9D837 /* Main.storyboard */ = {
			isa = PBXVariantGroup;
			children = (
				6D226ABB28CD496900A9D837 /* Base */,
			);
			name = Main.storyboard;
			sourceTree = "<group>";
		};
		6D226ABF28CD496D00A9D837 /* LaunchScreen.storyboard */ = {
			isa = PBXVariantGroup;
			children = (
				6D226AC028CD496D00A9D837 /* Base */,
			);
			name = LaunchScreen.storyboard;
			sourceTree = "<group>";
		};
/* End PBXVariantGroup section */

/* Begin XCBuildConfiguration section */
		6D226AD928CD496D00A9D837 /* Debug */ = {
			isa = XCBuildConfiguration;
			buildSettings = {
				ALWAYS_SEARCH_USER_PATHS = NO;
				CLANG_ANALYZER_NONNULL = YES;
				CLANG_ANALYZER_NUMBER_OBJECT_CONVERSION = YES_AGGRESSIVE;
				CLANG_CXX_LANGUAGE_STANDARD = "gnu++17";
				CLANG_ENABLE_MODULES = YES;
				CLANG_ENABLE_OBJC_ARC = YES;
				CLANG_ENABLE_OBJC_WEAK = YES;
				CLANG_WARN_BLOCK_CAPTURE_AUTORELEASING = YES;
				CLANG_WARN_BOOL_CONVERSION = YES;
				CLANG_WARN_COMMA = YES;
				CLANG_WARN_CONSTANT_CONVERSION = YES;
				CLANG_WARN_DEPRECATED_OBJC_IMPLEMENTATIONS = YES;
				CLANG_WARN_DIRECT_OBJC_ISA_USAGE = YES_ERROR;
				CLANG_WARN_DOCUMENTATION_COMMENTS = YES;
				CLANG_WARN_EMPTY_BODY = YES;
				CLANG_WARN_ENUM_CONVERSION = YES;
				CLANG_WARN_INFINITE_RECURSION = YES;
				CLANG_WARN_INT_CONVERSION = YES;
				CLANG_WARN_NON_LITERAL_NULL_CONVERSION = YES;
				CLANG_WARN_OBJC_IMPLICIT_RETAIN_SELF = YES;
				CLANG_WARN_OBJC_LITERAL_CONVERSION = YES;
				CLANG_WARN_OBJC_ROOT_CLASS = YES_ERROR;
				CLANG_WARN_QUOTED_INCLUDE_IN_FRAMEWORK_HEADER = YES;
				CLANG_WARN_RANGE_LOOP_ANALYSIS = YES;
				CLANG_WARN_STRICT_PROTOTYPES = YES;
				CLANG_WARN_SUSPICIOUS_MOVE = YES;
				CLANG_WARN_UNGUARDED_AVAILABILITY = YES_AGGRESSIVE;
				CLANG_WARN_UNREACHABLE_CODE = YES;
				CLANG_WARN__DUPLICATE_METHOD_MATCH = YES;
				COPY_PHASE_STRIP = NO;
				DEBUG_INFORMATION_FORMAT = dwarf;
				ENABLE_STRICT_OBJC_MSGSEND = YES;
				ENABLE_TESTABILITY = YES;
				GCC_C_LANGUAGE_STANDARD = gnu11;
				GCC_DYNAMIC_NO_PIC = NO;
				GCC_NO_COMMON_BLOCKS = YES;
				GCC_OPTIMIZATION_LEVEL = 0;
				GCC_PREPROCESSOR_DEFINITIONS = (
					"DEBUG=1",
					"$(inherited)",
				);
				GCC_WARN_64_TO_32_BIT_CONVERSION = YES;
				GCC_WARN_ABOUT_RETURN_TYPE = YES_ERROR;
				GCC_WARN_UNDECLARED_SELECTOR = YES;
				GCC_WARN_UNINITIALIZED_AUTOS = YES_AGGRESSIVE;
				GCC_WARN_UNUSED_FUNCTION = YES;
				GCC_WARN_UNUSED_VARIABLE = YES;
				IPHONEOS_DEPLOYMENT_TARGET = 15.5;
				MTL_ENABLE_DEBUG_INFO = INCLUDE_SOURCE;
				MTL_FAST_MATH = YES;
				ONLY_ACTIVE_ARCH = YES;
				SDKROOT = iphoneos;
				SWIFT_ACTIVE_COMPILATION_CONDITIONS = DEBUG;
				SWIFT_OPTIMIZATION_LEVEL = "-Onone";
			};
			name = Debug;
		};
		6D226ADA28CD496D00A9D837 /* Release */ = {
			isa = XCBuildConfiguration;
			buildSettings = {
				ALWAYS_SEARCH_USER_PATHS = NO;
				CLANG_ANALYZER_NONNULL = YES;
				CLANG_ANALYZER_NUMBER_OBJECT_CONVERSION = YES_AGGRESSIVE;
				CLANG_CXX_LANGUAGE_STANDARD = "gnu++17";
				CLANG_ENABLE_MODULES = YES;
				CLANG_ENABLE_OBJC_ARC = YES;
				CLANG_ENABLE_OBJC_WEAK = YES;
				CLANG_WARN_BLOCK_CAPTURE_AUTORELEASING = YES;
				CLANG_WARN_BOOL_CONVERSION = YES;
				CLANG_WARN_COMMA = YES;
				CLANG_WARN_CONSTANT_CONVERSION = YES;
				CLANG_WARN_DEPRECATED_OBJC_IMPLEMENTATIONS = YES;
				CLANG_WARN_DIRECT_OBJC_ISA_USAGE = YES_ERROR;
				CLANG_WARN_DOCUMENTATION_COMMENTS = YES;
				CLANG_WARN_EMPTY_BODY = YES;
				CLANG_WARN_ENUM_CONVERSION = YES;
				CLANG_WARN_INFINITE_RECURSION = YES;
				CLANG_WARN_INT_CONVERSION = YES;
				CLANG_WARN_NON_LITERAL_NULL_CONVERSION = YES;
				CLANG_WARN_OBJC_IMPLICIT_RETAIN_SELF = YES;
				CLANG_WARN_OBJC_LITERAL_CONVERSION = YES;
				CLANG_WARN_OBJC_ROOT_CLASS = YES_ERROR;
				CLANG_WARN_QUOTED_INCLUDE_IN_FRAMEWORK_HEADER = YES;
				CLANG_WARN_RANGE_LOOP_ANALYSIS = YES;
				CLANG_WARN_STRICT_PROTOTYPES = YES;
				CLANG_WARN_SUSPICIOUS_MOVE = YES;
				CLANG_WARN_UNGUARDED_AVAILABILITY = YES_AGGRESSIVE;
				CLANG_WARN_UNREACHABLE_CODE = YES;
				CLANG_WARN__DUPLICATE_METHOD_MATCH = YES;
				COPY_PHASE_STRIP = NO;
				DEBUG_INFORMATION_FORMAT = "dwarf-with-dsym";
				ENABLE_NS_ASSERTIONS = NO;
				ENABLE_STRICT_OBJC_MSGSEND = YES;
				GCC_C_LANGUAGE_STANDARD = gnu11;
				GCC_NO_COMMON_BLOCKS = YES;
				GCC_WARN_64_TO_32_BIT_CONVERSION = YES;
				GCC_WARN_ABOUT_RETURN_TYPE = YES_ERROR;
				GCC_WARN_UNDECLARED_SELECTOR = YES;
				GCC_WARN_UNINITIALIZED_AUTOS = YES_AGGRESSIVE;
				GCC_WARN_UNUSED_FUNCTION = YES;
				GCC_WARN_UNUSED_VARIABLE = YES;
				IPHONEOS_DEPLOYMENT_TARGET = 15.5;
				MTL_ENABLE_DEBUG_INFO = NO;
				MTL_FAST_MATH = YES;
				SDKROOT = iphoneos;
				SWIFT_COMPILATION_MODE = wholemodule;
				SWIFT_OPTIMIZATION_LEVEL = "-O";
				VALIDATE_PRODUCT = YES;
			};
			name = Release;
		};
		6D226ADC28CD496D00A9D837 /* Debug */ = {
			isa = XCBuildConfiguration;
			baseConfigurationReference = BEF1303DC6468B8D6FC7415D /* Pods-Tipster.debug.xcconfig */;
			buildSettings = {
				ASSETCATALOG_COMPILER_APPICON_NAME = AppIcon;
				ASSETCATALOG_COMPILER_GLOBAL_ACCENT_COLOR_NAME = AccentColor;
				CODE_SIGN_STYLE = Automatic;
				CURRENT_PROJECT_VERSION = 1;
				DEVELOPMENT_TEAM = Q9AUMM7F64;
				GENERATE_INFOPLIST_FILE = YES;
				INFOPLIST_FILE = Tipster/Info.plist;
				INFOPLIST_KEY_UIApplicationSupportsIndirectInputEvents = YES;
				INFOPLIST_KEY_UILaunchStoryboardName = LaunchScreen;
				INFOPLIST_KEY_UIMainStoryboardFile = Main;
				INFOPLIST_KEY_UISupportedInterfaceOrientations_iPad = "UIInterfaceOrientationPortrait UIInterfaceOrientationPortraitUpsideDown UIInterfaceOrientationLandscapeLeft UIInterfaceOrientationLandscapeRight";
				INFOPLIST_KEY_UISupportedInterfaceOrientations_iPhone = "UIInterfaceOrientationPortrait UIInterfaceOrientationLandscapeLeft UIInterfaceOrientationLandscapeRight";
				LD_RUNPATH_SEARCH_PATHS = (
					"$(inherited)",
					"@executable_path/Frameworks",
				);
				MARKETING_VERSION = 1.0;
				PRODUCT_BUNDLE_IDENTIFIER = com.pinkesh1978usa.Tipster;
				PRODUCT_NAME = "$(TARGET_NAME)";
				SWIFT_EMIT_LOC_STRINGS = YES;
				SWIFT_VERSION = 5.0;
				TARGETED_DEVICE_FAMILY = "1,2";
			};
			name = Debug;
		};
		6D226ADD28CD496D00A9D837 /* Release */ = {
			isa = XCBuildConfiguration;
			baseConfigurationReference = 68BC1387B718AA98A08E75E0 /* Pods-Tipster.release.xcconfig */;
			buildSettings = {
				ASSETCATALOG_COMPILER_APPICON_NAME = AppIcon;
				ASSETCATALOG_COMPILER_GLOBAL_ACCENT_COLOR_NAME = AccentColor;
				CODE_SIGN_STYLE = Automatic;
				CURRENT_PROJECT_VERSION = 1;
				DEVELOPMENT_TEAM = Q9AUMM7F64;
				GENERATE_INFOPLIST_FILE = YES;
				INFOPLIST_FILE = Tipster/Info.plist;
				INFOPLIST_KEY_UIApplicationSupportsIndirectInputEvents = YES;
				INFOPLIST_KEY_UILaunchStoryboardName = LaunchScreen;
				INFOPLIST_KEY_UIMainStoryboardFile = Main;
				INFOPLIST_KEY_UISupportedInterfaceOrientations_iPad = "UIInterfaceOrientationPortrait UIInterfaceOrientationPortraitUpsideDown UIInterfaceOrientationLandscapeLeft UIInterfaceOrientationLandscapeRight";
				INFOPLIST_KEY_UISupportedInterfaceOrientations_iPhone = "UIInterfaceOrientationPortrait UIInterfaceOrientationLandscapeLeft UIInterfaceOrientationLandscapeRight";
				LD_RUNPATH_SEARCH_PATHS = (
					"$(inherited)",
					"@executable_path/Frameworks",
				);
				MARKETING_VERSION = 1.0;
				PRODUCT_BUNDLE_IDENTIFIER = com.pinkesh1978usa.Tipster;
				PRODUCT_NAME = "$(TARGET_NAME)";
				SWIFT_EMIT_LOC_STRINGS = YES;
				SWIFT_VERSION = 5.0;
				TARGETED_DEVICE_FAMILY = "1,2";
			};
			name = Release;
		};
		6D226ADF28CD496D00A9D837 /* Debug */ = {
			isa = XCBuildConfiguration;
			baseConfigurationReference = F51B446D43A5F8DBD15DFE18 /* Pods-TipsterTests.debug.xcconfig */;
			buildSettings = {
				ALWAYS_EMBED_SWIFT_STANDARD_LIBRARIES = YES;
				BUNDLE_LOADER = "$(TEST_HOST)";
				CODE_SIGN_STYLE = Automatic;
				CURRENT_PROJECT_VERSION = 1;
				DEVELOPMENT_TEAM = Q9AUMM7F64;
				GENERATE_INFOPLIST_FILE = YES;
				IPHONEOS_DEPLOYMENT_TARGET = 15.5;
				MARKETING_VERSION = 1.0;
				PRODUCT_BUNDLE_IDENTIFIER = com.pinkesh1978usa.TipsterTests;
				PRODUCT_NAME = "$(TARGET_NAME)";
				SWIFT_EMIT_LOC_STRINGS = NO;
				SWIFT_VERSION = 5.0;
				TARGETED_DEVICE_FAMILY = "1,2";
				TEST_HOST = "$(BUILT_PRODUCTS_DIR)/Tipster.app/Tipster";
			};
			name = Debug;
		};
		6D226AE028CD496D00A9D837 /* Release */ = {
			isa = XCBuildConfiguration;
			baseConfigurationReference = D704143275DDB4FAF03CE965 /* Pods-TipsterTests.release.xcconfig */;
			buildSettings = {
				ALWAYS_EMBED_SWIFT_STANDARD_LIBRARIES = YES;
				BUNDLE_LOADER = "$(TEST_HOST)";
				CODE_SIGN_STYLE = Automatic;
				CURRENT_PROJECT_VERSION = 1;
				DEVELOPMENT_TEAM = Q9AUMM7F64;
				GENERATE_INFOPLIST_FILE = YES;
				IPHONEOS_DEPLOYMENT_TARGET = 15.5;
				MARKETING_VERSION = 1.0;
				PRODUCT_BUNDLE_IDENTIFIER = com.pinkesh1978usa.TipsterTests;
				PRODUCT_NAME = "$(TARGET_NAME)";
				SWIFT_EMIT_LOC_STRINGS = NO;
				SWIFT_VERSION = 5.0;
				TARGETED_DEVICE_FAMILY = "1,2";
				TEST_HOST = "$(BUILT_PRODUCTS_DIR)/Tipster.app/Tipster";
			};
			name = Release;
		};
		6D226AE228CD496D00A9D837 /* Debug */ = {
			isa = XCBuildConfiguration;
			baseConfigurationReference = 4C58117CFD32AB443462E276 /* Pods-Tipster-TipsterUITests.debug.xcconfig */;
			buildSettings = {
				ALWAYS_EMBED_SWIFT_STANDARD_LIBRARIES = YES;
				CODE_SIGN_STYLE = Automatic;
				CURRENT_PROJECT_VERSION = 1;
				DEVELOPMENT_TEAM = Q9AUMM7F64;
				GENERATE_INFOPLIST_FILE = YES;
				MARKETING_VERSION = 1.0;
				PRODUCT_BUNDLE_IDENTIFIER = com.pinkesh1978usa.TipsterUITests;
				PRODUCT_NAME = "$(TARGET_NAME)";
				SWIFT_EMIT_LOC_STRINGS = NO;
				SWIFT_VERSION = 5.0;
				TARGETED_DEVICE_FAMILY = "1,2";
				TEST_TARGET_NAME = Tipster;
			};
			name = Debug;
		};
		6D226AE328CD496D00A9D837 /* Release */ = {
			isa = XCBuildConfiguration;
			baseConfigurationReference = 71A285388649C712C04229BE /* Pods-Tipster-TipsterUITests.release.xcconfig */;
			buildSettings = {
				ALWAYS_EMBED_SWIFT_STANDARD_LIBRARIES = YES;
				CODE_SIGN_STYLE = Automatic;
				CURRENT_PROJECT_VERSION = 1;
				DEVELOPMENT_TEAM = Q9AUMM7F64;
				GENERATE_INFOPLIST_FILE = YES;
				MARKETING_VERSION = 1.0;
				PRODUCT_BUNDLE_IDENTIFIER = com.pinkesh1978usa.TipsterUITests;
				PRODUCT_NAME = "$(TARGET_NAME)";
				SWIFT_EMIT_LOC_STRINGS = NO;
				SWIFT_VERSION = 5.0;
				TARGETED_DEVICE_FAMILY = "1,2";
				TEST_TARGET_NAME = Tipster;
			};
			name = Release;
		};
/* End XCBuildConfiguration section */

/* Begin XCConfigurationList section */
		6D226AAC28CD496900A9D837 /* Build configuration list for PBXProject "Tipster" */ = {
			isa = XCConfigurationList;
			buildConfigurations = (
				6D226AD928CD496D00A9D837 /* Debug */,
				6D226ADA28CD496D00A9D837 /* Release */,
			);
			defaultConfigurationIsVisible = 0;
			defaultConfigurationName = Release;
		};
		6D226ADB28CD496D00A9D837 /* Build configuration list for PBXNativeTarget "Tipster" */ = {
			isa = XCConfigurationList;
			buildConfigurations = (
				6D226ADC28CD496D00A9D837 /* Debug */,
				6D226ADD28CD496D00A9D837 /* Release */,
			);
			defaultConfigurationIsVisible = 0;
			defaultConfigurationName = Release;
		};
		6D226ADE28CD496D00A9D837 /* Build configuration list for PBXNativeTarget "TipsterTests" */ = {
			isa = XCConfigurationList;
			buildConfigurations = (
				6D226ADF28CD496D00A9D837 /* Debug */,
				6D226AE028CD496D00A9D837 /* Release */,
			);
			defaultConfigurationIsVisible = 0;
			defaultConfigurationName = Release;
		};
		6D226AE128CD496D00A9D837 /* Build configuration list for PBXNativeTarget "TipsterUITests" */ = {
			isa = XCConfigurationList;
			buildConfigurations = (
				6D226AE228CD496D00A9D837 /* Debug */,
				6D226AE328CD496D00A9D837 /* Release */,
			);
			defaultConfigurationIsVisible = 0;
			defaultConfigurationName = Release;
		};
/* End XCConfigurationList section */

/* Begin XCRemoteSwiftPackageReference section */
		6D79FFB128CE728600044691 /* XCRemoteSwiftPackageReference "AlamofireImage" */ = {
			isa = XCRemoteSwiftPackageReference;
			repositoryURL = "https://github.com/Alamofire/AlamofireImage";
			requirement = {
				kind = upToNextMajorVersion;
				minimumVersion = 4.0.0;
			};
		};
/* End XCRemoteSwiftPackageReference section */

/* Begin XCSwiftPackageProductDependency section */
		6D79FFB228CE728600044691 /* AlamofireImage */ = {
			isa = XCSwiftPackageProductDependency;
			package = 6D79FFB128CE728600044691 /* XCRemoteSwiftPackageReference "AlamofireImage" */;
			productName = AlamofireImage;
		};
/* End XCSwiftPackageProductDependency section */
	};
	rootObject = 6D226AA928CD496900A9D837 /* Project object */;
}
